// !$*UTF8*$!
{
	archiveVersion = 1;
	classes = {
	};
	objectVersion = 46;
	objects = {

/* Begin PBXBuildFile section */
		1C82A5C8BCF8B929EE71E37F /* Pods_LLLVideoPlayer.framework in Frameworks */ = {isa = PBXBuildFile; fileRef = BB383160C959C5E708B0F584 /* Pods_LLLVideoPlayer.framework */; };
		582D6EDA1E239B5600C07D13 /* LLLDemoTabbarController.swift in Sources */ = {isa = PBXBuildFile; fileRef = 582D6ED01E239B5600C07D13 /* LLLDemoTabbarController.swift */; };
		582D6EDB1E239B5600C07D13 /* LLLDemoLiveVideoPlayerController.swift in Sources */ = {isa = PBXBuildFile; fileRef = 582D6ED21E239B5600C07D13 /* LLLDemoLiveVideoPlayerController.swift */; };
		582D6EDC1E239B5600C07D13 /* LLLDemoHorizontalVideoPlayerController.swift in Sources */ = {isa = PBXBuildFile; fileRef = 582D6ED51E239B5600C07D13 /* LLLDemoHorizontalVideoPlayerController.swift */; };
		582D6EDD1E239B5600C07D13 /* LLLDemoVerticalVideoPlayerController.swift in Sources */ = {isa = PBXBuildFile; fileRef = 582D6ED61E239B5600C07D13 /* LLLDemoVerticalVideoPlayerController.swift */; };
		582D6EDE1E239B5600C07D13 /* LLLDemoVideoPlayerController.swift in Sources */ = {isa = PBXBuildFile; fileRef = 582D6ED71E239B5600C07D13 /* LLLDemoVideoPlayerController.swift */; };
		582D6EDF1E239B5600C07D13 /* LLLDemoVideoPlayerCell.swift in Sources */ = {isa = PBXBuildFile; fileRef = 582D6ED91E239B5600C07D13 /* LLLDemoVideoPlayerCell.swift */; };
		582D6EE61E239E0700C07D13 /* HorizontalVideoPlayer.swift in Sources */ = {isa = PBXBuildFile; fileRef = 582D6EE51E239E0700C07D13 /* HorizontalVideoPlayer.swift */; };
		5855F97E1E11258A0032F04B /* AppDelegate.swift in Sources */ = {isa = PBXBuildFile; fileRef = 5855F97D1E11258A0032F04B /* AppDelegate.swift */; };
		5855F9831E11258A0032F04B /* Main.storyboard in Resources */ = {isa = PBXBuildFile; fileRef = 5855F9811E11258A0032F04B /* Main.storyboard */; };
		5855F9851E11258A0032F04B /* Assets.xcassets in Resources */ = {isa = PBXBuildFile; fileRef = 5855F9841E11258A0032F04B /* Assets.xcassets */; };
		5855F9881E11258A0032F04B /* LaunchScreen.storyboard in Resources */ = {isa = PBXBuildFile; fileRef = 5855F9861E11258A0032F04B /* LaunchScreen.storyboard */; };
		5865763C1E15258F00BB7B02 /* IJKMediaFramework.framework in Frameworks */ = {isa = PBXBuildFile; fileRef = 5865763B1E15258F00BB7B02 /* IJKMediaFramework.framework */; };
		5865763F1E1525A500BB7B02 /* AudioToolbox.framework in Frameworks */ = {isa = PBXBuildFile; fileRef = 5865763E1E1525A500BB7B02 /* AudioToolbox.framework */; };
		586576411E1525A900BB7B02 /* AVFoundation.framework in Frameworks */ = {isa = PBXBuildFile; fileRef = 586576401E1525A900BB7B02 /* AVFoundation.framework */; };
		586576431E1525AF00BB7B02 /* CoreGraphics.framework in Frameworks */ = {isa = PBXBuildFile; fileRef = 586576421E1525AF00BB7B02 /* CoreGraphics.framework */; };
		586576451E1525B900BB7B02 /* CoreMedia.framework in Frameworks */ = {isa = PBXBuildFile; fileRef = 586576441E1525B900BB7B02 /* CoreMedia.framework */; };
		586576471E1525BF00BB7B02 /* CoreVideo.framework in Frameworks */ = {isa = PBXBuildFile; fileRef = 586576461E1525BF00BB7B02 /* CoreVideo.framework */; };
		586576491E1525C900BB7B02 /* libbz2.tbd in Frameworks */ = {isa = PBXBuildFile; fileRef = 586576481E1525C900BB7B02 /* libbz2.tbd */; };
		5865764B1E1525CF00BB7B02 /* libz.tbd in Frameworks */ = {isa = PBXBuildFile; fileRef = 5865764A1E1525CF00BB7B02 /* libz.tbd */; };
		5865764D1E1525D400BB7B02 /* MediaPlayer.framework in Frameworks */ = {isa = PBXBuildFile; fileRef = 5865764C1E1525D400BB7B02 /* MediaPlayer.framework */; };
		5865764F1E1525DA00BB7B02 /* MobileCoreServices.framework in Frameworks */ = {isa = PBXBuildFile; fileRef = 5865764E1E1525DA00BB7B02 /* MobileCoreServices.framework */; };
		586576511E1525E100BB7B02 /* OpenGLES.framework in Frameworks */ = {isa = PBXBuildFile; fileRef = 586576501E1525E100BB7B02 /* OpenGLES.framework */; };
		586576531E1525E600BB7B02 /* QuartzCore.framework in Frameworks */ = {isa = PBXBuildFile; fileRef = 586576521E1525E600BB7B02 /* QuartzCore.framework */; };
		586576551E1525EC00BB7B02 /* UIKit.framework in Frameworks */ = {isa = PBXBuildFile; fileRef = 586576541E1525EC00BB7B02 /* UIKit.framework */; };
		586576571E1525F100BB7B02 /* VideoToolbox.framework in Frameworks */ = {isa = PBXBuildFile; fileRef = 586576561E1525F100BB7B02 /* VideoToolbox.framework */; };
		58813EC11E277D9C00F529AA /* VideoPlayerControl.swift in Sources */ = {isa = PBXBuildFile; fileRef = 58813EBD1E277D9C00F529AA /* VideoPlayerControl.swift */; };
		58813EC21E277D9C00F529AA /* SVPlayerSlider.m in Sources */ = {isa = PBXBuildFile; fileRef = 58813EC01E277D9C00F529AA /* SVPlayerSlider.m */; };
		58813EC61E27919300F529AA /* SHProgressView.m in Sources */ = {isa = PBXBuildFile; fileRef = 58813EC51E27919300F529AA /* SHProgressView.m */; };
		58813ECD1E27981200F529AA /* UIColor+.m in Sources */ = {isa = PBXBuildFile; fileRef = 58813ECA1E27981200F529AA /* UIColor+.m */; };
		58813ECE1E27981200F529AA /* UIImageExtend.m in Sources */ = {isa = PBXBuildFile; fileRef = 58813ECC1E27981200F529AA /* UIImageExtend.m */; };
		58813ED01E279F4F00F529AA /* VideoPlayerControl+Gestures.swift in Sources */ = {isa = PBXBuildFile; fileRef = 58813ECF1E279F4F00F529AA /* VideoPlayerControl+Gestures.swift */; };
/* End PBXBuildFile section */

/* Begin PBXFileReference section */
		582D6ED01E239B5600C07D13 /* LLLDemoTabbarController.swift */ = {isa = PBXFileReference; fileEncoding = 4; lastKnownFileType = sourcecode.swift; path = LLLDemoTabbarController.swift; sourceTree = "<group>"; };
		582D6ED21E239B5600C07D13 /* LLLDemoLiveVideoPlayerController.swift */ = {isa = PBXFileReference; fileEncoding = 4; lastKnownFileType = sourcecode.swift; path = LLLDemoLiveVideoPlayerController.swift; sourceTree = "<group>"; };
		582D6ED51E239B5600C07D13 /* LLLDemoHorizontalVideoPlayerController.swift */ = {isa = PBXFileReference; fileEncoding = 4; lastKnownFileType = sourcecode.swift; path = LLLDemoHorizontalVideoPlayerController.swift; sourceTree = "<group>"; };
		582D6ED61E239B5600C07D13 /* LLLDemoVerticalVideoPlayerController.swift */ = {isa = PBXFileReference; fileEncoding = 4; lastKnownFileType = sourcecode.swift; path = LLLDemoVerticalVideoPlayerController.swift; sourceTree = "<group>"; };
		582D6ED71E239B5600C07D13 /* LLLDemoVideoPlayerController.swift */ = {isa = PBXFileReference; fileEncoding = 4; lastKnownFileType = sourcecode.swift; path = LLLDemoVideoPlayerController.swift; sourceTree = "<group>"; };
		582D6ED91E239B5600C07D13 /* LLLDemoVideoPlayerCell.swift */ = {isa = PBXFileReference; fileEncoding = 4; lastKnownFileType = sourcecode.swift; path = LLLDemoVideoPlayerCell.swift; sourceTree = "<group>"; };
		582D6EE51E239E0700C07D13 /* HorizontalVideoPlayer.swift */ = {isa = PBXFileReference; fileEncoding = 4; lastKnownFileType = sourcecode.swift; path = HorizontalVideoPlayer.swift; sourceTree = "<group>"; };
		582D6EEF1E23A87800C07D13 /* PrefixHeader.pch */ = {isa = PBXFileReference; lastKnownFileType = sourcecode.c.h; path = PrefixHeader.pch; sourceTree = "<group>"; };
		584038D81E18CD3A003AA8B2 /* LLLVideoPlayer-Bridging-Header.h */ = {isa = PBXFileReference; fileEncoding = 4; lastKnownFileType = sourcecode.c.h; name = "LLLVideoPlayer-Bridging-Header.h"; path = "LLLVideoPlayer/LLLVideoPlayer-Bridging-Header.h"; sourceTree = "<group>"; };
		5855F97A1E11258A0032F04B /* LLLVideoPlayer.app */ = {isa = PBXFileReference; explicitFileType = wrapper.application; includeInIndex = 0; path = LLLVideoPlayer.app; sourceTree = BUILT_PRODUCTS_DIR; };
		5855F97D1E11258A0032F04B /* AppDelegate.swift */ = {isa = PBXFileReference; lastKnownFileType = sourcecode.swift; path = AppDelegate.swift; sourceTree = "<group>"; };
		5855F9821E11258A0032F04B /* Base */ = {isa = PBXFileReference; lastKnownFileType = file.storyboard; name = Base; path = Base.lproj/Main.storyboard; sourceTree = "<group>"; };
		5855F9841E11258A0032F04B /* Assets.xcassets */ = {isa = PBXFileReference; lastKnownFileType = folder.assetcatalog; path = Assets.xcassets; sourceTree = "<group>"; };
		5855F9871E11258A0032F04B /* Base */ = {isa = PBXFileReference; lastKnownFileType = file.storyboard; name = Base; path = Base.lproj/LaunchScreen.storyboard; sourceTree = "<group>"; };
		5855F9891E11258A0032F04B /* Info.plist */ = {isa = PBXFileReference; lastKnownFileType = text.plist.xml; path = Info.plist; sourceTree = "<group>"; };
		5865763B1E15258F00BB7B02 /* IJKMediaFramework.framework */ = {isa = PBXFileReference; lastKnownFileType = wrapper.framework; path = IJKMediaFramework.framework; sourceTree = "<group>"; };
		5865763E1E1525A500BB7B02 /* AudioToolbox.framework */ = {isa = PBXFileReference; lastKnownFileType = wrapper.framework; name = AudioToolbox.framework; path = System/Library/Frameworks/AudioToolbox.framework; sourceTree = SDKROOT; };
		586576401E1525A900BB7B02 /* AVFoundation.framework */ = {isa = PBXFileReference; lastKnownFileType = wrapper.framework; name = AVFoundation.framework; path = System/Library/Frameworks/AVFoundation.framework; sourceTree = SDKROOT; };
		586576421E1525AF00BB7B02 /* CoreGraphics.framework */ = {isa = PBXFileReference; lastKnownFileType = wrapper.framework; name = CoreGraphics.framework; path = System/Library/Frameworks/CoreGraphics.framework; sourceTree = SDKROOT; };
		586576441E1525B900BB7B02 /* CoreMedia.framework */ = {isa = PBXFileReference; lastKnownFileType = wrapper.framework; name = CoreMedia.framework; path = System/Library/Frameworks/CoreMedia.framework; sourceTree = SDKROOT; };
		586576461E1525BF00BB7B02 /* CoreVideo.framework */ = {isa = PBXFileReference; lastKnownFileType = wrapper.framework; name = CoreVideo.framework; path = System/Library/Frameworks/CoreVideo.framework; sourceTree = SDKROOT; };
		586576481E1525C900BB7B02 /* libbz2.tbd */ = {isa = PBXFileReference; lastKnownFileType = "sourcecode.text-based-dylib-definition"; name = libbz2.tbd; path = usr/lib/libbz2.tbd; sourceTree = SDKROOT; };
		5865764A1E1525CF00BB7B02 /* libz.tbd */ = {isa = PBXFileReference; lastKnownFileType = "sourcecode.text-based-dylib-definition"; name = libz.tbd; path = usr/lib/libz.tbd; sourceTree = SDKROOT; };
		5865764C1E1525D400BB7B02 /* MediaPlayer.framework */ = {isa = PBXFileReference; lastKnownFileType = wrapper.framework; name = MediaPlayer.framework; path = System/Library/Frameworks/MediaPlayer.framework; sourceTree = SDKROOT; };
		5865764E1E1525DA00BB7B02 /* MobileCoreServices.framework */ = {isa = PBXFileReference; lastKnownFileType = wrapper.framework; name = MobileCoreServices.framework; path = System/Library/Frameworks/MobileCoreServices.framework; sourceTree = SDKROOT; };
		586576501E1525E100BB7B02 /* OpenGLES.framework */ = {isa = PBXFileReference; lastKnownFileType = wrapper.framework; name = OpenGLES.framework; path = System/Library/Frameworks/OpenGLES.framework; sourceTree = SDKROOT; };
		586576521E1525E600BB7B02 /* QuartzCore.framework */ = {isa = PBXFileReference; lastKnownFileType = wrapper.framework; name = QuartzCore.framework; path = System/Library/Frameworks/QuartzCore.framework; sourceTree = SDKROOT; };
		586576541E1525EC00BB7B02 /* UIKit.framework */ = {isa = PBXFileReference; lastKnownFileType = wrapper.framework; name = UIKit.framework; path = System/Library/Frameworks/UIKit.framework; sourceTree = SDKROOT; };
		586576561E1525F100BB7B02 /* VideoToolbox.framework */ = {isa = PBXFileReference; lastKnownFileType = wrapper.framework; name = VideoToolbox.framework; path = System/Library/Frameworks/VideoToolbox.framework; sourceTree = SDKROOT; };
		58813EBD1E277D9C00F529AA /* VideoPlayerControl.swift */ = {isa = PBXFileReference; fileEncoding = 4; lastKnownFileType = sourcecode.swift; path = VideoPlayerControl.swift; sourceTree = "<group>"; };
		58813EBF1E277D9C00F529AA /* SVPlayerSlider.h */ = {isa = PBXFileReference; fileEncoding = 4; lastKnownFileType = sourcecode.c.h; path = SVPlayerSlider.h; sourceTree = "<group>"; };
		58813EC01E277D9C00F529AA /* SVPlayerSlider.m */ = {isa = PBXFileReference; fileEncoding = 4; lastKnownFileType = sourcecode.c.objc; path = SVPlayerSlider.m; sourceTree = "<group>"; };
		58813EC41E27919300F529AA /* SHProgressView.h */ = {isa = PBXFileReference; fileEncoding = 4; lastKnownFileType = sourcecode.c.h; path = SHProgressView.h; sourceTree = "<group>"; };
		58813EC51E27919300F529AA /* SHProgressView.m */ = {isa = PBXFileReference; fileEncoding = 4; lastKnownFileType = sourcecode.c.objc; path = SHProgressView.m; sourceTree = "<group>"; };
		58813EC91E27981200F529AA /* UIColor+.h */ = {isa = PBXFileReference; fileEncoding = 4; lastKnownFileType = sourcecode.c.h; path = "UIColor+.h"; sourceTree = "<group>"; };
		58813ECA1E27981200F529AA /* UIColor+.m */ = {isa = PBXFileReference; fileEncoding = 4; lastKnownFileType = sourcecode.c.objc; path = "UIColor+.m"; sourceTree = "<group>"; };
		58813ECB1E27981200F529AA /* UIImageExtend.h */ = {isa = PBXFileReference; fileEncoding = 4; lastKnownFileType = sourcecode.c.h; path = UIImageExtend.h; sourceTree = "<group>"; };
		58813ECC1E27981200F529AA /* UIImageExtend.m */ = {isa = PBXFileReference; fileEncoding = 4; lastKnownFileType = sourcecode.c.objc; path = UIImageExtend.m; sourceTree = "<group>"; };
		58813ECF1E279F4F00F529AA /* VideoPlayerControl+Gestures.swift */ = {isa = PBXFileReference; fileEncoding = 4; lastKnownFileType = sourcecode.swift; path = "VideoPlayerControl+Gestures.swift"; sourceTree = "<group>"; };
		97C6357CC2A0E44D8022FBE1 /* Pods-LLLVideoPlayer.debug.xcconfig */ = {isa = PBXFileReference; includeInIndex = 1; lastKnownFileType = text.xcconfig; name = "Pods-LLLVideoPlayer.debug.xcconfig"; path = "Pods/Target Support Files/Pods-LLLVideoPlayer/Pods-LLLVideoPlayer.debug.xcconfig"; sourceTree = "<group>"; };
		BB383160C959C5E708B0F584 /* Pods_LLLVideoPlayer.framework */ = {isa = PBXFileReference; explicitFileType = wrapper.framework; includeInIndex = 0; path = Pods_LLLVideoPlayer.framework; sourceTree = BUILT_PRODUCTS_DIR; };
		ECF221F6010A2A57085A8FD9 /* Pods-LLLVideoPlayer.release.xcconfig */ = {isa = PBXFileReference; includeInIndex = 1; lastKnownFileType = text.xcconfig; name = "Pods-LLLVideoPlayer.release.xcconfig"; path = "Pods/Target Support Files/Pods-LLLVideoPlayer/Pods-LLLVideoPlayer.release.xcconfig"; sourceTree = "<group>"; };
/* End PBXFileReference section */

/* Begin PBXFrameworksBuildPhase section */
		5855F9771E11258A0032F04B /* Frameworks */ = {
			isa = PBXFrameworksBuildPhase;
			buildActionMask = 2147483647;
			files = (
				586576571E1525F100BB7B02 /* VideoToolbox.framework in Frameworks */,
				586576551E1525EC00BB7B02 /* UIKit.framework in Frameworks */,
				586576531E1525E600BB7B02 /* QuartzCore.framework in Frameworks */,
				586576511E1525E100BB7B02 /* OpenGLES.framework in Frameworks */,
				5865764F1E1525DA00BB7B02 /* MobileCoreServices.framework in Frameworks */,
				5865764D1E1525D400BB7B02 /* MediaPlayer.framework in Frameworks */,
				5865764B1E1525CF00BB7B02 /* libz.tbd in Frameworks */,
				586576491E1525C900BB7B02 /* libbz2.tbd in Frameworks */,
				586576471E1525BF00BB7B02 /* CoreVideo.framework in Frameworks */,
				586576451E1525B900BB7B02 /* CoreMedia.framework in Frameworks */,
				586576431E1525AF00BB7B02 /* CoreGraphics.framework in Frameworks */,
				586576411E1525A900BB7B02 /* AVFoundation.framework in Frameworks */,
				5865763F1E1525A500BB7B02 /* AudioToolbox.framework in Frameworks */,
				5865763C1E15258F00BB7B02 /* IJKMediaFramework.framework in Frameworks */,
				1C82A5C8BCF8B929EE71E37F /* Pods_LLLVideoPlayer.framework in Frameworks */,
			);
			runOnlyForDeploymentPostprocessing = 0;
		};
/* End PBXFrameworksBuildPhase section */

/* Begin PBXGroup section */
		0E83C441AA3E4E84609A8449 /* Pods */ = {
			isa = PBXGroup;
			children = (
				97C6357CC2A0E44D8022FBE1 /* Pods-LLLVideoPlayer.debug.xcconfig */,
				ECF221F6010A2A57085A8FD9 /* Pods-LLLVideoPlayer.release.xcconfig */,
			);
			name = Pods;
			sourceTree = "<group>";
		};
		582D6ECE1E239B5600C07D13 /* Modules */ = {
			isa = PBXGroup;
			children = (
				582D6ECF1E239B5600C07D13 /* Common */,
				582D6ED31E239B5600C07D13 /* Normal */,
				582D6ED11E239B5600C07D13 /* Live */,
			);
			path = Modules;
			sourceTree = "<group>";
		};
		582D6ECF1E239B5600C07D13 /* Common */ = {
			isa = PBXGroup;
			children = (
				582D6ED01E239B5600C07D13 /* LLLDemoTabbarController.swift */,
			);
			path = Common;
			sourceTree = "<group>";
		};
		582D6ED11E239B5600C07D13 /* Live */ = {
			isa = PBXGroup;
			children = (
				582D6ED21E239B5600C07D13 /* LLLDemoLiveVideoPlayerController.swift */,
			);
			path = Live;
			sourceTree = "<group>";
		};
		582D6ED31E239B5600C07D13 /* Normal */ = {
			isa = PBXGroup;
			children = (
				582D6ED41E239B5600C07D13 /* Controller */,
				582D6ED81E239B5600C07D13 /* View */,
			);
			path = Normal;
			sourceTree = "<group>";
		};
		582D6ED41E239B5600C07D13 /* Controller */ = {
			isa = PBXGroup;
			children = (
				582D6ED71E239B5600C07D13 /* LLLDemoVideoPlayerController.swift */,
				582D6ED51E239B5600C07D13 /* LLLDemoHorizontalVideoPlayerController.swift */,
				582D6ED61E239B5600C07D13 /* LLLDemoVerticalVideoPlayerController.swift */,
			);
			path = Controller;
			sourceTree = "<group>";
		};
		582D6ED81E239B5600C07D13 /* View */ = {
			isa = PBXGroup;
			children = (
				582D6ED91E239B5600C07D13 /* LLLDemoVideoPlayerCell.swift */,
			);
			path = View;
			sourceTree = "<group>";
		};
		582D6EE01E239B5B00C07D13 /* VideoPlayer */ = {
			isa = PBXGroup;
			children = (
				58813EBC1E277D9C00F529AA /* VideoPlayerControl */,
				582D6EE11E239B5B00C07D13 /* HorizontalVideoPlayer */,
				582D6EE31E239B5B00C07D13 /* VerticalVideoPlayer */,
				582D6EE21E239B5B00C07D13 /* LiveVideoPlayer */,
			);
			path = VideoPlayer;
			sourceTree = "<group>";
		};
		582D6EE11E239B5B00C07D13 /* HorizontalVideoPlayer */ = {
			isa = PBXGroup;
			children = (
				582D6EE51E239E0700C07D13 /* HorizontalVideoPlayer.swift */,
			);
			path = HorizontalVideoPlayer;
			sourceTree = "<group>";
		};
		582D6EE21E239B5B00C07D13 /* LiveVideoPlayer */ = {
			isa = PBXGroup;
			children = (
			);
			path = LiveVideoPlayer;
			sourceTree = "<group>";
		};
		582D6EE31E239B5B00C07D13 /* VerticalVideoPlayer */ = {
			isa = PBXGroup;
			children = (
			);
			path = VerticalVideoPlayer;
			sourceTree = "<group>";
		};
		5855F9711E11258A0032F04B = {
			isa = PBXGroup;
			children = (
				584038D81E18CD3A003AA8B2 /* LLLVideoPlayer-Bridging-Header.h */,
				5855F97C1E11258A0032F04B /* LLLVideoPlayer */,
				5865763A1E15258F00BB7B02 /* Libs */,
				5855F97B1E11258A0032F04B /* Products */,
				5865763D1E1525A500BB7B02 /* Frameworks */,
				0E83C441AA3E4E84609A8449 /* Pods */,
			);
			sourceTree = "<group>";
		};
		5855F97B1E11258A0032F04B /* Products */ = {
			isa = PBXGroup;
			children = (
				5855F97A1E11258A0032F04B /* LLLVideoPlayer.app */,
			);
			name = Products;
			sourceTree = "<group>";
		};
		5855F97C1E11258A0032F04B /* LLLVideoPlayer */ = {
			isa = PBXGroup;
			children = (
				5855F97D1E11258A0032F04B /* AppDelegate.swift */,
				582D6ECE1E239B5600C07D13 /* Modules */,
				582D6EE01E239B5B00C07D13 /* VideoPlayer */,
				58813EC71E27981200F529AA /* Utility */,
				5855F9811E11258A0032F04B /* Main.storyboard */,
				5855F9841E11258A0032F04B /* Assets.xcassets */,
				5855F9861E11258A0032F04B /* LaunchScreen.storyboard */,
				5855F9891E11258A0032F04B /* Info.plist */,
				582D6EEF1E23A87800C07D13 /* PrefixHeader.pch */,
			);
			path = LLLVideoPlayer;
			sourceTree = "<group>";
		};
		5865763A1E15258F00BB7B02 /* Libs */ = {
			isa = PBXGroup;
			children = (
				5865763B1E15258F00BB7B02 /* IJKMediaFramework.framework */,
			);
			name = Libs;
			path = LLLVideoPlayer/Libs;
			sourceTree = "<group>";
		};
		5865763D1E1525A500BB7B02 /* Frameworks */ = {
			isa = PBXGroup;
			children = (
				586576561E1525F100BB7B02 /* VideoToolbox.framework */,
				586576541E1525EC00BB7B02 /* UIKit.framework */,
				586576521E1525E600BB7B02 /* QuartzCore.framework */,
				586576501E1525E100BB7B02 /* OpenGLES.framework */,
				5865764E1E1525DA00BB7B02 /* MobileCoreServices.framework */,
				5865764C1E1525D400BB7B02 /* MediaPlayer.framework */,
				5865764A1E1525CF00BB7B02 /* libz.tbd */,
				586576481E1525C900BB7B02 /* libbz2.tbd */,
				586576461E1525BF00BB7B02 /* CoreVideo.framework */,
				586576441E1525B900BB7B02 /* CoreMedia.framework */,
				586576421E1525AF00BB7B02 /* CoreGraphics.framework */,
				586576401E1525A900BB7B02 /* AVFoundation.framework */,
				5865763E1E1525A500BB7B02 /* AudioToolbox.framework */,
				BB383160C959C5E708B0F584 /* Pods_LLLVideoPlayer.framework */,
			);
			name = Frameworks;
			sourceTree = "<group>";
		};
		58813EBC1E277D9C00F529AA /* VideoPlayerControl */ = {
			isa = PBXGroup;
			children = (
				58813EBD1E277D9C00F529AA /* VideoPlayerControl.swift */,
				58813ECF1E279F4F00F529AA /* VideoPlayerControl+Gestures.swift */,
				58813EBE1E277D9C00F529AA /* Views */,
			);
			path = VideoPlayerControl;
			sourceTree = "<group>";
		};
		58813EBE1E277D9C00F529AA /* Views */ = {
			isa = PBXGroup;
			children = (
				58813EC41E27919300F529AA /* SHProgressView.h */,
				58813EC51E27919300F529AA /* SHProgressView.m */,
				58813EBF1E277D9C00F529AA /* SVPlayerSlider.h */,
				58813EC01E277D9C00F529AA /* SVPlayerSlider.m */,
			);
			path = Views;
			sourceTree = "<group>";
		};
		58813EC71E27981200F529AA /* Utility */ = {
			isa = PBXGroup;
			children = (
				58813EC81E27981200F529AA /* Category */,
			);
			path = Utility;
			sourceTree = "<group>";
		};
		58813EC81E27981200F529AA /* Category */ = {
			isa = PBXGroup;
			children = (
				58813EC91E27981200F529AA /* UIColor+.h */,
				58813ECA1E27981200F529AA /* UIColor+.m */,
				58813ECB1E27981200F529AA /* UIImageExtend.h */,
				58813ECC1E27981200F529AA /* UIImageExtend.m */,
			);
			path = Category;
			sourceTree = "<group>";
		};
/* End PBXGroup section */

/* Begin PBXNativeTarget section */
		5855F9791E11258A0032F04B /* LLLVideoPlayer */ = {
			isa = PBXNativeTarget;
			buildConfigurationList = 5855F98C1E11258A0032F04B /* Build configuration list for PBXNativeTarget "LLLVideoPlayer" */;
			buildPhases = (
				999386A49FB61142841FBB43 /* [CP] Check Pods Manifest.lock */,
				5855F9761E11258A0032F04B /* Sources */,
				5855F9771E11258A0032F04B /* Frameworks */,
				5855F9781E11258A0032F04B /* Resources */,
				BA30E8F305291450AAD8825E /* [CP] Embed Pods Frameworks */,
				219EA39266F86B4D62F478D2 /* [CP] Copy Pods Resources */,
			);
			buildRules = (
			);
			dependencies = (
			);
			name = LLLVideoPlayer;
			productName = LLLVideoPlayer;
			productReference = 5855F97A1E11258A0032F04B /* LLLVideoPlayer.app */;
			productType = "com.apple.product-type.application";
		};
/* End PBXNativeTarget section */

/* Begin PBXProject section */
		5855F9721E11258A0032F04B /* Project object */ = {
			isa = PBXProject;
			attributes = {
				LastSwiftUpdateCheck = 0820;
				LastUpgradeCheck = 0820;
				ORGANIZATIONNAME = ZK;
				TargetAttributes = {
					5855F9791E11258A0032F04B = {
						CreatedOnToolsVersion = 8.2.1;
						ProvisioningStyle = Manual;
					};
				};
			};
			buildConfigurationList = 5855F9751E11258A0032F04B /* Build configuration list for PBXProject "LLLVideoPlayer" */;
			compatibilityVersion = "Xcode 3.2";
			developmentRegion = English;
			hasScannedForEncodings = 0;
			knownRegions = (
				en,
				Base,
			);
			mainGroup = 5855F9711E11258A0032F04B;
			productRefGroup = 5855F97B1E11258A0032F04B /* Products */;
			projectDirPath = "";
			projectRoot = "";
			targets = (
				5855F9791E11258A0032F04B /* LLLVideoPlayer */,
			);
		};
/* End PBXProject section */

/* Begin PBXResourcesBuildPhase section */
		5855F9781E11258A0032F04B /* Resources */ = {
			isa = PBXResourcesBuildPhase;
			buildActionMask = 2147483647;
			files = (
				5855F9881E11258A0032F04B /* LaunchScreen.storyboard in Resources */,
				5855F9851E11258A0032F04B /* Assets.xcassets in Resources */,
				5855F9831E11258A0032F04B /* Main.storyboard in Resources */,
			);
			runOnlyForDeploymentPostprocessing = 0;
		};
/* End PBXResourcesBuildPhase section */

/* Begin PBXShellScriptBuildPhase section */
		219EA39266F86B4D62F478D2 /* [CP] Copy Pods Resources */ = {
			isa = PBXShellScriptBuildPhase;
			buildActionMask = 2147483647;
			files = (
			);
			inputPaths = (
			);
			name = "[CP] Copy Pods Resources";
			outputPaths = (
			);
			runOnlyForDeploymentPostprocessing = 0;
			shellPath = /bin/sh;
			shellScript = "\"${SRCROOT}/Pods/Target Support Files/Pods-LLLVideoPlayer/Pods-LLLVideoPlayer-resources.sh\"\n";
			showEnvVarsInLog = 0;
		};
		999386A49FB61142841FBB43 /* [CP] Check Pods Manifest.lock */ = {
			isa = PBXShellScriptBuildPhase;
			buildActionMask = 2147483647;
			files = (
			);
			inputPaths = (
			);
			name = "[CP] Check Pods Manifest.lock";
			outputPaths = (
			);
			runOnlyForDeploymentPostprocessing = 0;
			shellPath = /bin/sh;
			shellScript = "diff \"${PODS_ROOT}/../Podfile.lock\" \"${PODS_ROOT}/Manifest.lock\" > /dev/null\nif [ $? != 0 ] ; then\n    # print error to STDERR\n    echo \"error: The sandbox is not in sync with the Podfile.lock. Run 'pod install' or update your CocoaPods installation.\" >&2\n    exit 1\nfi\n";
			showEnvVarsInLog = 0;
		};
		BA30E8F305291450AAD8825E /* [CP] Embed Pods Frameworks */ = {
			isa = PBXShellScriptBuildPhase;
			buildActionMask = 2147483647;
			files = (
			);
			inputPaths = (
			);
			name = "[CP] Embed Pods Frameworks";
			outputPaths = (
			);
			runOnlyForDeploymentPostprocessing = 0;
			shellPath = /bin/sh;
			shellScript = "\"${SRCROOT}/Pods/Target Support Files/Pods-LLLVideoPlayer/Pods-LLLVideoPlayer-frameworks.sh\"\n";
			showEnvVarsInLog = 0;
		};
/* End PBXShellScriptBuildPhase section */

/* Begin PBXSourcesBuildPhase section */
		5855F9761E11258A0032F04B /* Sources */ = {
			isa = PBXSourcesBuildPhase;
			buildActionMask = 2147483647;
			files = (
				582D6EDE1E239B5600C07D13 /* LLLDemoVideoPlayerController.swift in Sources */,
				58813ECD1E27981200F529AA /* UIColor+.m in Sources */,
				5855F97E1E11258A0032F04B /* AppDelegate.swift in Sources */,
				582D6EDA1E239B5600C07D13 /* LLLDemoTabbarController.swift in Sources */,
				582D6EDF1E239B5600C07D13 /* LLLDemoVideoPlayerCell.swift in Sources */,
				58813EC21E277D9C00F529AA /* SVPlayerSlider.m in Sources */,
				58813EC11E277D9C00F529AA /* VideoPlayerControl.swift in Sources */,
				582D6EE61E239E0700C07D13 /* HorizontalVideoPlayer.swift in Sources */,
				582D6EDD1E239B5600C07D13 /* LLLDemoVerticalVideoPlayerController.swift in Sources */,
				582D6EDC1E239B5600C07D13 /* LLLDemoHorizontalVideoPlayerController.swift in Sources */,
				58813EC61E27919300F529AA /* SHProgressView.m in Sources */,
				582D6EDB1E239B5600C07D13 /* LLLDemoLiveVideoPlayerController.swift in Sources */,
				58813ED01E279F4F00F529AA /* VideoPlayerControl+Gestures.swift in Sources */,
				58813ECE1E27981200F529AA /* UIImageExtend.m in Sources */,
			);
			runOnlyForDeploymentPostprocessing = 0;
		};
/* End PBXSourcesBuildPhase section */

/* Begin PBXVariantGroup section */
		5855F9811E11258A0032F04B /* Main.storyboard */ = {
			isa = PBXVariantGroup;
			children = (
				5855F9821E11258A0032F04B /* Base */,
			);
			name = Main.storyboard;
			sourceTree = "<group>";
		};
		5855F9861E11258A0032F04B /* LaunchScreen.storyboard */ = {
			isa = PBXVariantGroup;
			children = (
				5855F9871E11258A0032F04B /* Base */,
			);
			name = LaunchScreen.storyboard;
			sourceTree = "<group>";
		};
/* End PBXVariantGroup section */

/* Begin XCBuildConfiguration section */
		5855F98A1E11258A0032F04B /* Debug */ = {
			isa = XCBuildConfiguration;
			buildSettings = {
				ALWAYS_SEARCH_USER_PATHS = NO;
				CLANG_ANALYZER_NONNULL = YES;
				CLANG_CXX_LANGUAGE_STANDARD = "gnu++0x";
				CLANG_CXX_LIBRARY = "libc++";
				CLANG_ENABLE_MODULES = YES;
				CLANG_ENABLE_OBJC_ARC = YES;
				CLANG_WARN_BOOL_CONVERSION = YES;
				CLANG_WARN_CONSTANT_CONVERSION = YES;
				CLANG_WARN_DIRECT_OBJC_ISA_USAGE = YES_ERROR;
				CLANG_WARN_DOCUMENTATION_COMMENTS = YES;
				CLANG_WARN_EMPTY_BODY = YES;
				CLANG_WARN_ENUM_CONVERSION = YES;
				CLANG_WARN_INFINITE_RECURSION = YES;
				CLANG_WARN_INT_CONVERSION = YES;
				CLANG_WARN_OBJC_ROOT_CLASS = YES_ERROR;
				CLANG_WARN_SUSPICIOUS_MOVE = YES;
				CLANG_WARN_UNREACHABLE_CODE = YES;
				CLANG_WARN__DUPLICATE_METHOD_MATCH = YES;
				"CODE_SIGN_IDENTITY[sdk=iphoneos*]" = "iPhone Developer";
				COPY_PHASE_STRIP = NO;
				DEBUG_INFORMATION_FORMAT = dwarf;
				ENABLE_STRICT_OBJC_MSGSEND = YES;
				ENABLE_TESTABILITY = YES;
				GCC_C_LANGUAGE_STANDARD = gnu99;
				GCC_DYNAMIC_NO_PIC = NO;
				GCC_NO_COMMON_BLOCKS = YES;
				GCC_OPTIMIZATION_LEVEL = 0;
				GCC_PREPROCESSOR_DEFINITIONS = (
					"DEBUG=1",
					"$(inherited)",
				);
				GCC_WARN_64_TO_32_BIT_CONVERSION = YES;
				GCC_WARN_ABOUT_RETURN_TYPE = YES_ERROR;
				GCC_WARN_UNDECLARED_SELECTOR = YES;
				GCC_WARN_UNINITIALIZED_AUTOS = YES_AGGRESSIVE;
				GCC_WARN_UNUSED_FUNCTION = YES;
				GCC_WARN_UNUSED_VARIABLE = YES;
				IPHONEOS_DEPLOYMENT_TARGET = 10.2;
				MTL_ENABLE_DEBUG_INFO = YES;
				ONLY_ACTIVE_ARCH = YES;
				SDKROOT = iphoneos;
				SWIFT_ACTIVE_COMPILATION_CONDITIONS = DEBUG;
				SWIFT_OPTIMIZATION_LEVEL = "-Onone";
			};
			name = Debug;
		};
		5855F98B1E11258A0032F04B /* Release */ = {
			isa = XCBuildConfiguration;
			buildSettings = {
				ALWAYS_SEARCH_USER_PATHS = NO;
				CLANG_ANALYZER_NONNULL = YES;
				CLANG_CXX_LANGUAGE_STANDARD = "gnu++0x";
				CLANG_CXX_LIBRARY = "libc++";
				CLANG_ENABLE_MODULES = YES;
				CLANG_ENABLE_OBJC_ARC = YES;
				CLANG_WARN_BOOL_CONVERSION = YES;
				CLANG_WARN_CONSTANT_CONVERSION = YES;
				CLANG_WARN_DIRECT_OBJC_ISA_USAGE = YES_ERROR;
				CLANG_WARN_DOCUMENTATION_COMMENTS = YES;
				CLANG_WARN_EMPTY_BODY = YES;
				CLANG_WARN_ENUM_CONVERSION = YES;
				CLANG_WARN_INFINITE_RECURSION = YES;
				CLANG_WARN_INT_CONVERSION = YES;
				CLANG_WARN_OBJC_ROOT_CLASS = YES_ERROR;
				CLANG_WARN_SUSPICIOUS_MOVE = YES;
				CLANG_WARN_UNREACHABLE_CODE = YES;
				CLANG_WARN__DUPLICATE_METHOD_MATCH = YES;
				"CODE_SIGN_IDENTITY[sdk=iphoneos*]" = "iPhone Developer";
				COPY_PHASE_STRIP = NO;
				DEBUG_INFORMATION_FORMAT = "dwarf-with-dsym";
				ENABLE_NS_ASSERTIONS = NO;
				ENABLE_STRICT_OBJC_MSGSEND = YES;
				GCC_C_LANGUAGE_STANDARD = gnu99;
				GCC_NO_COMMON_BLOCKS = YES;
				GCC_WARN_64_TO_32_BIT_CONVERSION = YES;
				GCC_WARN_ABOUT_RETURN_TYPE = YES_ERROR;
				GCC_WARN_UNDECLARED_SELECTOR = YES;
				GCC_WARN_UNINITIALIZED_AUTOS = YES_AGGRESSIVE;
				GCC_WARN_UNUSED_FUNCTION = YES;
				GCC_WARN_UNUSED_VARIABLE = YES;
				IPHONEOS_DEPLOYMENT_TARGET = 10.2;
				MTL_ENABLE_DEBUG_INFO = NO;
				SDKROOT = iphoneos;
				SWIFT_OPTIMIZATION_LEVEL = "-Owholemodule";
				VALIDATE_PRODUCT = YES;
			};
			name = Release;
		};
		5855F98D1E11258A0032F04B /* Debug */ = {
			isa = XCBuildConfiguration;
			baseConfigurationReference = 97C6357CC2A0E44D8022FBE1 /* Pods-LLLVideoPlayer.debug.xcconfig */;
			buildSettings = {
				ASSETCATALOG_COMPILER_APPICON_NAME = AppIcon;
				DEVELOPMENT_TEAM = "";
				FRAMEWORK_SEARCH_PATHS = (
					"$(inherited)",
					"$(PROJECT_DIR)/LLLVideoPlayer/Libs",
				);
				GCC_PREFIX_HEADER = LLLVideoPlayer/PrefixHeader.pch;
				INFOPLIST_FILE = LLLVideoPlayer/Info.plist;
				IPHONEOS_DEPLOYMENT_TARGET = 8.0;
				LD_RUNPATH_SEARCH_PATHS = "$(inherited) @executable_path/Frameworks";
				PRODUCT_BUNDLE_IDENTIFIER = gl.LLLVideoPlayer;
				PRODUCT_NAME = "$(TARGET_NAME)";
				SWIFT_OBJC_BRIDGING_HEADER = "$(PROJECT_DIR)/LLLVideoPlayer/LLLVideoPlayer-Bridging-Header.h";
				SWIFT_VERSION = 3.0;
			};
			name = Debug;
		};
		5855F98E1E11258A0032F04B /* Release */ = {
			isa = XCBuildConfiguration;
			baseConfigurationReference = ECF221F6010A2A57085A8FD9 /* Pods-LLLVideoPlayer.release.xcconfig */;
			buildSettings = {
				ASSETCATALOG_COMPILER_APPICON_NAME = AppIcon;
				DEVELOPMENT_TEAM = "";
				FRAMEWORK_SEARCH_PATHS = (
					"$(inherited)",
					"$(PROJECT_DIR)/LLLVideoPlayer/Libs",
				);
				GCC_PREFIX_HEADER = LLLVideoPlayer/PrefixHeader.pch;
				INFOPLIST_FILE = LLLVideoPlayer/Info.plist;
				IPHONEOS_DEPLOYMENT_TARGET = 8.0;
				LD_RUNPATH_SEARCH_PATHS = "$(inherited) @executable_path/Frameworks";
				PRODUCT_BUNDLE_IDENTIFIER = gl.LLLVideoPlayer;
				PRODUCT_NAME = "$(TARGET_NAME)";
				SWIFT_OBJC_BRIDGING_HEADER = "$(PROJECT_DIR)/LLLVideoPlayer/LLLVideoPlayer-Bridging-Header.h";
				SWIFT_VERSION = 3.0;
			};
			name = Release;
		};
/* End XCBuildConfiguration section */

/* Begin XCConfigurationList section */
		5855F9751E11258A0032F04B /* Build configuration list for PBXProject "LLLVideoPlayer" */ = {
			isa = XCConfigurationList;
			buildConfigurations = (
				5855F98A1E11258A0032F04B /* Debug */,
				5855F98B1E11258A0032F04B /* Release */,
			);
			defaultConfigurationIsVisible = 0;
			defaultConfigurationName = Release;
		};
		5855F98C1E11258A0032F04B /* Build configuration list for PBXNativeTarget "LLLVideoPlayer" */ = {
			isa = XCConfigurationList;
			buildConfigurations = (
				5855F98D1E11258A0032F04B /* Debug */,
				5855F98E1E11258A0032F04B /* Release */,
			);
			defaultConfigurationIsVisible = 0;
			defaultConfigurationName = Release;
		};
/* End XCConfigurationList section */
	};
	rootObject = 5855F9721E11258A0032F04B /* Project object */;
}
